{
  "requires": true,
  "lockfileVersion": 1,
  "dependencies": {
    "@sanity/cli": {
      "version": "0.131.2",
      "resolved": "https://registry.npmjs.org/@sanity/cli/-/cli-0.131.2.tgz",
      "integrity": "sha512-J3Dgq11u+S9ZF4j5HlShuouh4xBRdd7cSehEpg2pI3CcCYOlvS1NGMFafwVkkoytfzwV7Uz0CzxTL0NZP5zRSQ=="
    }
  }
}
